version = 1
requires-python = ">=3.6"
resolution-markers = [
    "python_full_version < '3.7'",
    "python_full_version >= '3.7'",
]

[[package]]
name = "asgiref"
version = "3.7.2"
source = { registry = "https://pypi.org/simple" }
dependencies = [
    { name = "typing-extensions", marker = "python_full_version >= '3.7' and python_full_version < '3.11'" },
]
sdist = { url = "https://files.pythonhosted.org/packages/12/19/64e38c1c2cbf0da9635b7082bbdf0e89052e93329279f59759c24a10cc96/asgiref-3.7.2.tar.gz", hash = "sha256:9e0ce3aa93a819ba5b45120216b23878cf6e8525eb3848653452b4192b92afed", size = 33393 }
wheels = [
    { url = "https://files.pythonhosted.org/packages/9b/80/b9051a4a07ad231558fcd8ffc89232711b4e618c15cb7a392a17384bbeef/asgiref-3.7.2-py3-none-any.whl", hash = "sha256:89b2ef2247e3b562a16eef663bc0e2e703ec6468e2fa8a5cd61cd449786d4f6e", size = 24140 },
]

[[package]]
name = "click"
version = "7.1.2"
source = { registry = "https://pypi.org/simple" }
sdist = { url = "https://files.pythonhosted.org/packages/27/6f/be940c8b1f1d69daceeb0032fee6c34d7bd70e3e649ccac0951500b4720e/click-7.1.2.tar.gz", hash = "sha256:d2b5255c7c6349bc1bd1e59e08cd12acbbd63ce649f2588755783aa94dfb6b1a", size = 297279 }
wheels = [
    { url = "https://files.pythonhosted.org/packages/d2/3d/fa76db83bf75c4f8d338c2fd15c8d33fdd7ad23a9b5e57eb6c5de26b430e/click-7.1.2-py2.py3-none-any.whl", hash = "sha256:dacca89f4bfadd5de3d7489b7c8a566eee0d3676333fbb50030263894c38c0dc", size = 82780 },
]

[[package]]
name = "dataclasses"
version = "0.8"
source = { registry = "https://pypi.org/simple" }
sdist = { url = "https://files.pythonhosted.org/packages/1f/12/7919c5d8b9c497f9180db15ea8ead6499812ea8264a6ae18766d93c59fe5/dataclasses-0.8.tar.gz", hash = "sha256:8479067f342acf957dc82ec415d355ab5edb7e7646b90dc6e2fd1d96ad084c97", size = 36581 }
wheels = [
    { url = "https://files.pythonhosted.org/packages/fe/ca/75fac5856ab5cfa51bbbcefa250182e50441074fdc3f803f6e76451fab43/dataclasses-0.8-py3-none-any.whl", hash = "sha256:0201d89fa866f68c8ebd9d08ee6ff50c0b255f8ec63a71c16fda7af82bb887bf", size = 19041 },
]

[[package]]
name = "fastapi"
version = "0.68.1"
source = { registry = "https://pypi.org/simple" }
dependencies = [
    { name = "pydantic" },
    { name = "starlette" },
]
sdist = { url = "https://files.pythonhosted.org/packages/e0/2a/03c3e1ede3aa83c45da1d156b0180288e573f5e2643ec4fd6d697cebebdf/fastapi-0.68.1.tar.gz", hash = "sha256:644bb815bae326575c4b2842469fb83053a4b974b82fa792ff9283d17fbbd99d", size = 5876799 }
wheels = [
    { url = "https://files.pythonhosted.org/packages/df/44/ee1976b03404318590bbe4b0ef27007ce2c42b15757aa0c72bc99a4ebae7/fastapi-0.68.1-py3-none-any.whl", hash = "sha256:94d2820906c36b9b8303796fb7271337ec89c74223229e3cfcf056b5a7d59e23", size = 52254 },
]

[[package]]
name = "h11"
version = "0.13.0"
source = { registry = "https://pypi.org/simple" }
dependencies = [
    { name = "dataclasses", marker = "python_full_version < '3.7'" },
    { name = "typing-extensions", marker = "python_full_version < '3.8'" },
]
sdist = { url = "https://files.pythonhosted.org/packages/fa/a6/450568b2d62dd633be53f69890332bb0ce78183ffbe1e514c2b3102efff5/h11-0.13.0.tar.gz", hash = "sha256:70813c1135087a248a4d38cc0e1a0181ffab2188141a93eaf567940c3957ff06", size = 100165 }
wheels = [
    { url = "https://files.pythonhosted.org/packages/19/d2/32a15a4955be1b8114a1c570999eefd31279c7f9aa2d2a43d492a79b53c5/h11-0.13.0-py3-none-any.whl", hash = "sha256:8ddd78563b633ca55346c8cd41ec0af27d3c79931828beffb46ce70a379e7442", size = 58155 },
]

[[package]]
name = "jinja2"
version = "3.0.3"
source = { registry = "https://pypi.org/simple" }
dependencies = [
    { name = "markupsafe" },
]
sdist = { url = "https://files.pythonhosted.org/packages/91/a5/429efc6246119e1e3fbf562c00187d04e83e54619249eb732bb423efa6c6/Jinja2-3.0.3.tar.gz", hash = "sha256:611bb273cd68f3b993fabdc4064fc858c5b47a973cb5aa7999ec1ba405c87cd7", size = 269196 }
wheels = [
    { url = "https://files.pythonhosted.org/packages/20/9a/e5d9ec41927401e41aea8af6d16e78b5e612bca4699d417f646a9610a076/Jinja2-3.0.3-py3-none-any.whl", hash = "sha256:077ce6014f7b40d03b47d1f1ca4b0fc8328a692bd284016f806ed0eaca390ad8", size = 133630 },
]

[[package]]
name = "markupsafe"
version = "2.0.1"
source = { registry = "https://pypi.org/simple" }
sdist = { url = "https://files.pythonhosted.org/packages/bf/10/ff66fea6d1788c458663a84d88787bae15d45daa16f6b3ef33322a51fc7e/MarkupSafe-2.0.1.tar.gz", hash = "sha256:594c67807fb16238b30c44bdf74f36c02cdf22d1c8cda91ef8a0ed8dabf5620a", size = 18596 }
wheels = [
    { url = "https://files.pythonhosted.org/packages/81/8b/f28eac2790d49dde61f89ae9e007ac65002edc90bb2dd63c3b9e653820d2/MarkupSafe-2.0.1-cp310-cp310-macosx_10_9_universal2.whl", hash = "sha256:d8446c54dc28c01e5a2dbac5a25f071f6653e6e40f3a8818e8b45d790fe6ef53", size = 18330 },
    { url = "https://files.pythonhosted.org/packages/21/84/e090d999105fe0f3e1d955725ed2c9aeebc649ee83edab0e73d353d47e5d/MarkupSafe-2.0.1-cp310-cp310-macosx_10_9_x86_64.whl", hash = "sha256:36bc903cbb393720fad60fc28c10de6acf10dc6cc883f3e24ee4012371399a38", size = 14005 },
    { url = "https://files.pythonhosted.org/packages/e6/57/e9d243b12918f22bc3aa1392db7821dcb643a120e87b3f8c9bc7e1ad33f1/MarkupSafe-2.0.1-cp310-cp310-manylinux_2_17_aarch64.manylinux2014_aarch64.whl", hash = "sha256:2d7d807855b419fc2ed3e631034685db6079889a1f01d5d9dac950f764da3dad", size = 26830 },
    { url = "https://files.pythonhosted.org/packages/5a/98/3303496a5d19aabba67c443ba1df6ee1bec94549b3f8976f90c06a6942e6/MarkupSafe-2.0.1-cp310-cp310-manylinux_2_5_i686.manylinux1_i686.manylinux_2_12_i686.manylinux2010_i686.whl", hash = "sha256:add36cb2dbb8b736611303cd3bfcee00afd96471b09cda130da3581cbdc56a6d", size = 30410 },
    { url = "https://files.pythonhosted.org/packages/53/e8/601efa63c4058311a8bda7984a2fe554b9da574044967d7aee253661ee46/MarkupSafe-2.0.1-cp310-cp310-manylinux_2_5_x86_64.manylinux1_x86_64.manylinux_2_12_x86_64.manylinux2010_x86_64.whl", hash = "sha256:168cd0a3642de83558a5153c8bd34f175a9a6e7f6dc6384b9655d2697312a646", size = 30770 },
    { url = "https://files.pythonhosted.org/packages/a4/c8/9d2161b2080cb69c8834d1c34a399685347523acbfc923b203ad27bf1215/MarkupSafe-2.0.1-cp310-cp310-musllinux_1_1_aarch64.whl", hash = "sha256:4dc8f9fb58f7364b63fd9f85013b780ef83c11857ae79f2feda41e270468dd9b", size = 31170 },
    { url = "https://files.pythonhosted.org/packages/51/c3/7154db2b7d5b24875e1f1c42bab87a46af688bd6a5c89a90c60053cb6b33/MarkupSafe-2.0.1-cp310-cp310-musllinux_1_1_i686.whl", hash = "sha256:20dca64a3ef2d6e4d5d615a3fd418ad3bde77a47ec8a23d984a12b5b4c74491a", size = 30127 },
    { url = "https://files.pythonhosted.org/packages/04/69/c31e837e4bb5532b02d297152464b2cb8a0edeb9bef762c015e9b4e95e16/MarkupSafe-2.0.1-cp310-cp310-musllinux_1_1_x86_64.whl", hash = "sha256:cdfba22ea2f0029c9261a4bd07e830a8da012291fbe44dc794e488b6c9bb353a", size = 30553 },
    { url = "https://files.pythonhosted.org/packages/c1/39/9df65c006a88fce7bbd5ec3195b949b79477b1a325564f486c611c367893/MarkupSafe-2.0.1-cp310-cp310-win32.whl", hash = "sha256:99df47edb6bda1249d3e80fdabb1dab8c08ef3975f69aed437cb69d0a5de1e28", size = 14331 },
    { url = "https://files.pythonhosted.org/packages/93/28/d42b954fb9189cf4b78b0b0a025cff9b2583f93b37d1a345768ade29e5dd/MarkupSafe-2.0.1-cp310-cp310-win_amd64.whl", hash = "sha256:e0f138900af21926a02425cf736db95be9f4af72ba1bb21453432a07f6082134", size = 15042 },
    { url = "https://files.pythonhosted.org/packages/27/c3/20f02d95e78756d59a4c02f179a6ee66e3283cc34e3051d436fd152d1e76/MarkupSafe-2.0.1-cp36-cp36m-macosx_10_9_x86_64.whl", hash = "sha256:f9081981fe268bd86831e5c75f7de206ef275defcb82bc70740ae6dc507aee51", size = 13907 },
    { url = "https://files.pythonhosted.org/packages/bf/a8/76f613645617c31dd4db1950057b0bab68e0b790c2dbb368c1971d38d87e/MarkupSafe-2.0.1-cp36-cp36m-manylinux1_i686.whl", hash = "sha256:0955295dd5eec6cb6cc2fe1698f4c6d84af2e92de33fbcac4111913cd100a6ff", size = 29871 },
    { url = "https://files.pythonhosted.org/packages/fc/d6/57f9a97e56447a1e340f8574836d3b636e2c14de304943836bd645fa9c7e/MarkupSafe-2.0.1-cp36-cp36m-manylinux1_x86_64.whl", hash = "sha256:0446679737af14f45767963a1a9ef7620189912317d095f2d9ffa183a4d25d2b", size = 30215 },
    { url = "https://files.pythonhosted.org/packages/ee/d4/f6d8700729ca202fd070e03d08bda349bb0689514c11732dcb4f0e7bd60f/MarkupSafe-2.0.1-cp36-cp36m-manylinux2010_i686.whl", hash = "sha256:f826e31d18b516f653fe296d967d700fddad5901ae07c622bb3705955e1faa94", size = 29874 },
    { url = "https://files.pythonhosted.org/packages/08/dc/a5ed54fcc61f75343663ee702cbf69831dcec9b1a952ae21cf3d1fbc56ba/MarkupSafe-2.0.1-cp36-cp36m-manylinux2010_x86_64.whl", hash = "sha256:fa130dd50c57d53368c9d59395cb5526eda596d3ffe36666cd81a44d56e48872", size = 30218 },
    { url = "https://files.pythonhosted.org/packages/0c/55/d7b9059ed9affe3ebdaa288006e4b82839bdbc0ecf092cd5b61d0f0ba456/MarkupSafe-2.0.1-cp36-cp36m-manylinux2014_aarch64.whl", hash = "sha256:905fec760bd2fa1388bb5b489ee8ee5f7291d692638ea5f67982d968366bef9f", size = 31387 },
    { url = "https://files.pythonhosted.org/packages/3f/43/72fd80844b2687e2c5aac95b64662ede122b8c3919b4c95488017ca8d2a9/MarkupSafe-2.0.1-cp36-cp36m-manylinux_2_17_aarch64.manylinux2014_aarch64.whl", hash = "sha256:bf5d821ffabf0ef3533c39c518f3357b171a1651c1ff6827325e4489b0e46c3c", size = 26453 },
    { url = "https://files.pythonhosted.org/packages/ff/e2/bfd4e230d609fc7c59cc1a69e1b9f65bda3f05b8cab41bb4437f3d44b108/MarkupSafe-2.0.1-cp36-cp36m-manylinux_2_5_i686.manylinux1_i686.manylinux_2_12_i686.manylinux2010_i686.whl", hash = "sha256:0d4b31cc67ab36e3392bbf3862cfbadac3db12bdd8b02a2731f509ed5b829724", size = 29907 },
    { url = "https://files.pythonhosted.org/packages/e2/a9/eafee9babd4b3aed918d286fbe1c20d1a22d347b30d2bddb3c49919548fa/MarkupSafe-2.0.1-cp36-cp36m-manylinux_2_5_x86_64.manylinux1_x86_64.manylinux_2_12_x86_64.manylinux2010_x86_64.whl", hash = "sha256:baa1a4e8f868845af802979fcdbf0bb11f94f1cb7ced4c4b8a351bb60d108145", size = 30247 },
    { url = "https://files.pythonhosted.org/packages/9c/dd/1b57e1514fd2f653ee31255b940baf0609741bc059565a7fe7c4e0fec46d/MarkupSafe-2.0.1-cp36-cp36m-musllinux_1_1_aarch64.whl", hash = "sha256:deb993cacb280823246a026e3b2d81c493c53de6acfd5e6bfe31ab3402bb37dd", size = 30464 },
    { url = "https://files.pythonhosted.org/packages/20/0e/e5d5ed4bad48827aede890787b8855c7dc08301be60f2eeb0ce17ec5c810/MarkupSafe-2.0.1-cp36-cp36m-musllinux_1_1_i686.whl", hash = "sha256:63f3268ba69ace99cab4e3e3b5840b03340efed0948ab8f78d2fd87ee5442a4f", size = 29555 },
    { url = "https://files.pythonhosted.org/packages/fa/7f/50e0b7a7c13e056f7f1ea799a04a64c225a7ae784785f6b74e7515ea94e8/MarkupSafe-2.0.1-cp36-cp36m-musllinux_1_1_x86_64.whl", hash = "sha256:8d206346619592c6200148b01a2142798c989edcb9c896f9ac9722a99d4e77e6", size = 29893 },
    { url = "https://files.pythonhosted.org/packages/f5/ff/9a35fc0f3fbda4cada0e559833b84627ddf44c45664741aed7da1b2468f2/MarkupSafe-2.0.1-cp36-cp36m-win32.whl", hash = "sha256:6c4ca60fa24e85fe25b912b01e62cb969d69a23a5d5867682dd3e80b5b02581d", size = 14256 },
    { url = "https://files.pythonhosted.org/packages/73/60/296031f365b3ae96732225203d864fac7b83a185ed1820c1c87b78e154bc/MarkupSafe-2.0.1-cp36-cp36m-win_amd64.whl", hash = "sha256:b2f4bf27480f5e5e8ce285a8c8fd176c0b03e93dcc6646477d4630e83440c6a9", size = 14898 },
    { url = "https://files.pythonhosted.org/packages/75/90/b780381ddf38e2afd07a04746b5d3158a085464f7c757fc62cd198aa5379/MarkupSafe-2.0.1-cp37-cp37m-macosx_10_9_x86_64.whl", hash = "sha256:0717a7390a68be14b8c793ba258e075c6f4ca819f15edfc2a3a027c823718567", size = 13905 },
    { url = "https://files.pythonhosted.org/packages/80/ec/e4272ac306ccc17062d253cb11f5c79c457f5e78b0e3c9f6adc989d507c0/MarkupSafe-2.0.1-cp37-cp37m-manylinux1_i686.whl", hash = "sha256:6557b31b5e2c9ddf0de32a691f2312a32f77cd7681d8af66c2692efdbef84c18", size = 30749 },
    { url = "https://files.pythonhosted.org/packages/d7/56/9d9c0dc2b0f5dc342ff9c7df31c523cc122947970b5ea943b2311be0c391/MarkupSafe-2.0.1-cp37-cp37m-manylinux1_x86_64.whl", hash = "sha256:49e3ceeabbfb9d66c3aef5af3a60cc43b85c33df25ce03d0031a608b0a8b2e3f", size = 31133 },
    { url = "https://files.pythonhosted.org/packages/e9/b8/e0e089d26667fbac3a473f78fc771b1cbffd30964816928e4864aac43357/MarkupSafe-2.0.1-cp37-cp37m-manylinux2010_i686.whl", hash = "sha256:d7f9850398e85aba693bb640262d3611788b1f29a79f0c93c565694658f4071f", size = 30751 },
    { url = "https://files.pythonhosted.org/packages/ad/cd/650b1be2a81674939ef962b1f1b956e4a84116d69708c842667445e95408/MarkupSafe-2.0.1-cp37-cp37m-manylinux2010_x86_64.whl", hash = "sha256:6a7fae0dd14cf60ad5ff42baa2e95727c3d81ded453457771d02b7d2b3f9c0c2", size = 31138 },
    { url = "https://files.pythonhosted.org/packages/a3/01/8d5fd91ccc1a61b7a9e2803819b8b60c3bac37290bbbd3df33d8d548f9c1/MarkupSafe-2.0.1-cp37-cp37m-manylinux2014_aarch64.whl", hash = "sha256:b7f2d075102dc8c794cbde1947378051c4e5180d52d276987b8d28a3bd58c17d", size = 32322 },
    { url = "https://files.pythonhosted.org/packages/70/fc/5a7253a9c1c4e2a3feadb80a5def4563500daa4b2d4a39cae39483afa1b0/MarkupSafe-2.0.1-cp37-cp37m-manylinux_2_17_aarch64.manylinux2014_aarch64.whl", hash = "sha256:e9936f0b261d4df76ad22f8fee3ae83b60d7c3e871292cd42f40b81b70afae85", size = 26453 },
    { url = "https://files.pythonhosted.org/packages/2b/6b/69dd812a582de48190e73c08a4f526842f880a4bb53fbc6859d896621b54/MarkupSafe-2.0.1-cp37-cp37m-manylinux_2_5_i686.manylinux1_i686.manylinux_2_12_i686.manylinux2010_i686.whl", hash = "sha256:2a7d351cbd8cfeb19ca00de495e224dea7e7d919659c2841bbb7f420ad03e2d6", size = 30773 },
    { url = "https://files.pythonhosted.org/packages/09/f1/5ca5da61ec071ce1e9c423f66a5bde508957601118be9cd37aeccfeab2f6/MarkupSafe-2.0.1-cp37-cp37m-manylinux_2_5_x86_64.manylinux1_x86_64.manylinux_2_12_x86_64.manylinux2010_x86_64.whl", hash = "sha256:60bf42e36abfaf9aff1f50f52644b336d4f0a3fd6d8a60ca0d054ac9f713a864", size = 31173 },
    { url = "https://files.pythonhosted.org/packages/74/5d/3d5d08321661ca30c61eb897cd9fdf35a9a63ddddd094e65deb9862986b7/MarkupSafe-2.0.1-cp37-cp37m-musllinux_1_1_aarch64.whl", hash = "sha256:d6c7ebd4e944c85e2c3421e612a7057a2f48d478d79e61800d81468a8d842207", size = 31419 },
    { url = "https://files.pythonhosted.org/packages/b9/87/cdfd4778d4b9ef0dc89c62b3cf0c181c9231e523a90d7ee254afcfe74557/MarkupSafe-2.0.1-cp37-cp37m-musllinux_1_1_i686.whl", hash = "sha256:f0567c4dc99f264f49fe27da5f735f414c4e7e7dd850cfd8e69f0862d7c74ea9", size = 30489 },
    { url = "https://files.pythonhosted.org/packages/0a/1d/12eb0e1d1d7e0f745cd7bcf27400d75b53096ae14f9b86d3be02a468bc75/MarkupSafe-2.0.1-cp37-cp37m-musllinux_1_1_x86_64.whl", hash = "sha256:89c687013cb1cd489a0f0ac24febe8c7a666e6e221b783e53ac50ebf68e45d86", size = 30835 },
    { url = "https://files.pythonhosted.org/packages/35/3e/30d8e0f71de72ccb813ba82191dc445b6f2d8aaa08169a3814384e6f39c3/MarkupSafe-2.0.1-cp37-cp37m-win32.whl", hash = "sha256:a30e67a65b53ea0a5e62fe23682cfe22712e01f453b95233b25502f7c61cb415", size = 14252 },
    { url = "https://files.pythonhosted.org/packages/1b/f6/f774e745edd76eef70bf83062823be0dca95ee9c9211f18aec490892ab33/MarkupSafe-2.0.1-cp37-cp37m-win_amd64.whl", hash = "sha256:611d1ad9a4288cf3e3c16014564df047fe08410e628f89805e475368bd304914", size = 14901 },
    { url = "https://files.pythonhosted.org/packages/51/1e/45e25cd867fb79339c49086dad9794e11923dd6325251ae48c341b0a4271/MarkupSafe-2.0.1-cp38-cp38-macosx_10_9_universal2.whl", hash = "sha256:5bb28c636d87e840583ee3adeb78172efc47c8b26127267f54a9c0ec251d41a9", size = 18323 },
    { url = "https://files.pythonhosted.org/packages/70/56/f81c0cfbc22882df36358ecdedc5474571183e5a5adde1e237079acee437/MarkupSafe-2.0.1-cp38-cp38-macosx_10_9_x86_64.whl", hash = "sha256:be98f628055368795d818ebf93da628541e10b75b41c559fdf36d104c5787066", size = 13982 },
    { url = "https://files.pythonhosted.org/packages/f9/12/b63afcb3bf9f27fd347adef452f9a6e27dfe7107a8f2685afacc8e9c6592/MarkupSafe-2.0.1-cp38-cp38-manylinux1_i686.whl", hash = "sha256:1d609f577dc6e1aa17d746f8bd3c31aa4d258f4070d61b2aa5c4166c1539de35", size = 30224 },
    { url = "https://files.pythonhosted.org/packages/1d/c5/1d1b42c65f96ee7b0c81761260878d1a1dc0afdf259e434b7d7af88a80a3/MarkupSafe-2.0.1-cp38-cp38-manylinux1_x86_64.whl", hash = "sha256:7d91275b0245b1da4d4cfa07e0faedd5b0812efc15b702576d103293e252af1b", size = 30562 },
    { url = "https://files.pythonhosted.org/packages/92/ac/94771b65ac9f77cf37e43b38516697bbc4e128ee152b68d596ae44c6c896/MarkupSafe-2.0.1-cp38-cp38-manylinux2010_i686.whl", hash = "sha256:01a9b8ea66f1658938f65b93a85ebe8bc016e6769611be228d797c9d998dd298", size = 30226 },
    { url = "https://files.pythonhosted.org/packages/68/ba/7a5ca0f9b4239e6fd846dd54c0b5928187355fa62fbdbd13e1c5942afae7/MarkupSafe-2.0.1-cp38-cp38-manylinux2010_x86_64.whl", hash = "sha256:47ab1e7b91c098ab893b828deafa1203de86d0bc6ab587b160f78fe6c4011f75", size = 30563 },
    { url = "https://files.pythonhosted.org/packages/eb/3b/1cddaf0338a031ef5c2e1d9d74f2d607d564748a933b44de6edfe7a2a880/MarkupSafe-2.0.1-cp38-cp38-manylinux2014_aarch64.whl", hash = "sha256:97383d78eb34da7e1fa37dd273c20ad4320929af65d156e35a5e2d89566d9dfb", size = 31869 },
    { url = "https://files.pythonhosted.org/packages/e4/9b/c7b55a2f587368d69eb6dc36e285010ab0bbb74323833d501921e08e2728/MarkupSafe-2.0.1-cp38-cp38-manylinux_2_17_aarch64.manylinux2014_aarch64.whl", hash = "sha256:6fcf051089389abe060c9cd7caa212c707e58153afa2c649f00346ce6d260f1b", size = 27085 },
    { url = "https://files.pythonhosted.org/packages/cc/f2/854d33eee85df681e61e22b52d8e83bef8b7425c0b9826212289f7885710/MarkupSafe-2.0.1-cp38-cp38-manylinux_2_5_i686.manylinux1_i686.manylinux_2_12_i686.manylinux2010_i686.whl", hash = "sha256:5855f8438a7d1d458206a2466bf82b0f104a3724bf96a1c781ab731e4201731a", size = 30239 },
    { url = "https://files.pythonhosted.org/packages/7a/e8/00c435416c9b0238dca6f883563b01c4cc532b2ba6aaf7268081f6238520/MarkupSafe-2.0.1-cp38-cp38-manylinux_2_5_x86_64.manylinux1_x86_64.manylinux_2_12_x86_64.manylinux2010_x86_64.whl", hash = "sha256:3dd007d54ee88b46be476e293f48c85048603f5f516008bee124ddd891398ed6", size = 30603 },
    { url = "https://files.pythonhosted.org/packages/95/18/b7a45c16635acafdf6837a6fd4c71acfe5bad202884c6fcbae4ea0763dde/MarkupSafe-2.0.1-cp38-cp38-musllinux_1_1_aarch64.whl", hash = "sha256:aca6377c0cb8a8253e493c6b451565ac77e98c2951c45f913e0b52facdcff83f", size = 30964 },
    { url = "https://files.pythonhosted.org/packages/15/90/b63743e72c9ffc5988c7b1c04d14f9a32ae49574afe8a7fbea0ce538bda4/MarkupSafe-2.0.1-cp38-cp38-musllinux_1_1_i686.whl", hash = "sha256:04635854b943835a6ea959e948d19dcd311762c5c0c6e1f0e16ee57022669194", size = 29982 },
    { url = "https://files.pythonhosted.org/packages/1f/44/ada8e01854175525e8e139278c3a52fec0ef720307cbd670bca86b473b56/MarkupSafe-2.0.1-cp38-cp38-musllinux_1_1_x86_64.whl", hash = "sha256:6300b8454aa6930a24b9618fbb54b5a68135092bc666f7b06901f897fa5c2fee", size = 30372 },
    { url = "https://files.pythonhosted.org/packages/44/e6/4e1f202ec01062c8b4d03af72f1aeb2ca8fc97f9f5d95b9173302ac4e5ad/MarkupSafe-2.0.1-cp38-cp38-win32.whl", hash = "sha256:023cb26ec21ece8dc3907c0e8320058b2e0cb3c55cf9564da612bc325bed5e64", size = 14303 },
    { url = "https://files.pythonhosted.org/packages/30/9e/4b7116f464a0151b86ce42b5185941eb74c207b38fe033f71f5e5d150356/MarkupSafe-2.0.1-cp38-cp38-win_amd64.whl", hash = "sha256:984d76483eb32f1bcb536dc27e4ad56bba4baa70be32fa87152832cdd9db0833", size = 14910 },
    { url = "https://files.pythonhosted.org/packages/dd/8f/d0c570c851f70377ca6f344531fab4b6b01a99a9d2a801b25d6fd75525e5/MarkupSafe-2.0.1-cp39-cp39-macosx_10_9_universal2.whl", hash = "sha256:2ef54abee730b502252bcdf31b10dacb0a416229b72c18b19e24a4509f273d26", size = 18308 },
    { url = "https://files.pythonhosted.org/packages/ce/a7/835a636047f4bb4fea31a682c18affad9795e864d800892bd7248485425e/MarkupSafe-2.0.1-cp39-cp39-macosx_10_9_x86_64.whl", hash = "sha256:3c112550557578c26af18a1ccc9e090bfe03832ae994343cfdacd287db6a6ae7", size = 13982 },
    { url = "https://files.pythonhosted.org/packages/66/66/b5891704372c9f5d97432933bdd7e9b5a0647fad9170c72bb7f486550c43/MarkupSafe-2.0.1-cp39-cp39-manylinux1_i686.whl", hash = "sha256:53edb4da6925ad13c07b6d26c2a852bd81e364f95301c66e930ab2aef5b5ddd8", size = 30216 },
    { url = "https://files.pythonhosted.org/packages/50/99/06eccf68be0bff67ab9a0b90b5382c04769f9ad2e42cae5e5e92f99380cd/MarkupSafe-2.0.1-cp39-cp39-manylinux1_x86_64.whl", hash = "sha256:f5653a225f31e113b152e56f154ccbe59eeb1c7487b39b9d9f9cdb58e6c79dc5", size = 30553 },
    { url = "https://files.pythonhosted.org/packages/5a/ff/34bdcd8cc794f692588de0b3f4c1aa7ec0d17716fda9d874836ed68775c1/MarkupSafe-2.0.1-cp39-cp39-manylinux2010_i686.whl", hash = "sha256:4efca8f86c54b22348a5467704e3fec767b2db12fc39c6d963168ab1d3fc9135", size = 30220 },
    { url = "https://files.pythonhosted.org/packages/6f/83/eabfb8c6d60b096dc9ada378cf935809289c4d0327b74a60789bde77e1db/MarkupSafe-2.0.1-cp39-cp39-manylinux2010_x86_64.whl", hash = "sha256:ab3ef638ace319fa26553db0624c4699e31a28bb2a835c5faca8f8acf6a5a902", size = 30556 },
    { url = "https://files.pythonhosted.org/packages/ae/70/8dd5f2c0aab82431c9c619a2c4fbd1742fc0fb769d8d7b275ae1d03eb3a5/MarkupSafe-2.0.1-cp39-cp39-manylinux2014_aarch64.whl", hash = "sha256:f8ba0e8349a38d3001fae7eadded3f6606f0da5d748ee53cc1dab1d6527b9509", size = 31882 },
    { url = "https://files.pythonhosted.org/packages/a6/d1/a7b97d0e000336c4e06bfce7e08dcb2b47fc5091146ee883dfac6cb4842e/MarkupSafe-2.0.1-cp39-cp39-manylinux_2_17_aarch64.manylinux2014_aarch64.whl", hash = "sha256:c47adbc92fc1bb2b3274c4b3a43ae0e4573d9fbff4f54cd484555edbf030baf1", size = 26719 },
    { url = "https://files.pythonhosted.org/packages/67/e9/579a3ad8d48f7680f887ff1f22cc6330f083de23ce32a8fa35f8acef477a/MarkupSafe-2.0.1-cp39-cp39-manylinux_2_5_i686.manylinux1_i686.manylinux_2_12_i686.manylinux2010_i686.whl", hash = "sha256:37205cac2a79194e3750b0af2a5720d95f786a55ce7df90c3af697bfa100eaac", size = 30251 },
    { url = "https://files.pythonhosted.org/packages/c2/db/314df69668f582d5173922bded7b58126044bb77cfce6347c5d992074d2e/MarkupSafe-2.0.1-cp39-cp39-manylinux_2_5_x86_64.manylinux1_x86_64.manylinux_2_12_x86_64.manylinux2010_x86_64.whl", hash = "sha256:1f2ade76b9903f39aa442b4aadd2177decb66525062db244b35d71d0ee8599b6", size = 30586 },
    { url = "https://files.pythonhosted.org/packages/8f/87/4668ce3963e942a9aa7b13212158e74bf063a2461138b7ed5a043ac6aa79/MarkupSafe-2.0.1-cp39-cp39-musllinux_1_1_aarch64.whl", hash = "sha256:4296f2b1ce8c86a6aea78613c34bb1a672ea0e3de9c6ba08a960efe0b0a09047", size = 30980 },
    { url = "https://files.pythonhosted.org/packages/a7/55/a576835b6b95af21d15f69eaf14c4fb1358fd48475f2b9813abd9654132e/MarkupSafe-2.0.1-cp39-cp39-musllinux_1_1_i686.whl", hash = "sha256:9f02365d4e99430a12647f09b6cc8bab61a6564363f313126f775eb4f6ef798e", size = 29902 },
    { url = "https://files.pythonhosted.org/packages/3b/41/f53e2ac439b309d8bb017d12ee6e7d393aa70c508448c1f30a7e5db9d69e/MarkupSafe-2.0.1-cp39-cp39-musllinux_1_1_x86_64.whl", hash = "sha256:5b6d930f030f8ed98e3e6c98ffa0652bdb82601e7a016ec2ab5d7ff23baa78d1", size = 30340 },
    { url = "https://files.pythonhosted.org/packages/6a/96/7a23b44f742384a866173502e19cc1ec13951085bbb4e24be504dfc6da9f/MarkupSafe-2.0.1-cp39-cp39-win32.whl", hash = "sha256:10f82115e21dc0dfec9ab5c0223652f7197feb168c940f3ef61563fc2d6beb74", size = 14331 },
    { url = "https://files.pythonhosted.org/packages/5b/db/49785acd523bd5eef83d0e21594eec1c2d7d45afc473dcc85037243de673/MarkupSafe-2.0.1-cp39-cp39-win_amd64.whl", hash = "sha256:693ce3f9e70a6cf7d2fb9e6c9d8b204b6b39897a2c4a1aa65728d5ac97dcc1d8", size = 14937 },
]

[[package]]
name = "pydantic"
version = "1.7.4"
source = { registry = "https://pypi.org/simple" }
dependencies = [
    { name = "dataclasses", marker = "python_full_version < '3.7'" },
]
sdist = { url = "https://files.pythonhosted.org/packages/2f/91/c0829599e8281492e40ff69a0d88340713a37fb0facd187fabfab53d6915/pydantic-1.7.4.tar.gz", hash = "sha256:0a1abcbd525fbb52da58c813d54c2ec706c31a91afdb75411a73dd1dec036595", size = 225694 }
wheels = [
    { url = "https://files.pythonhosted.org/packages/2f/40/c29b24df461af767033cdc782e3c78d7956083593e14654b98f039b35acb/pydantic-1.7.4-cp36-cp36m-macosx_10_9_x86_64.whl", hash = "sha256:3c60039e84552442defbcb5d56711ef0e057028ca7bfc559374917408a88d84e", size = 2306753 },
    { url = "https://files.pythonhosted.org/packages/4e/00/0cd4571409b3df0df2ddddbbba2aa865e7fab19cd8c1f178731e4bda3130/pydantic-1.7.4-cp36-cp36m-manylinux1_i686.whl", hash = "sha256:6e7e314acb170e143c6f3912f93f2ec80a96aa2009ee681356b7ce20d57e5c62", size = 8799020 },
    { url = "https://files.pythonhosted.org/packages/aa/61/dd79a2085b39954a68c7d6cc9bc826ee9ebad0b9dddf784576f15d1670c7/pydantic-1.7.4-cp36-cp36m-manylinux2014_i686.whl", hash = "sha256:8ef77cd17b73b5ba46788d040c0e820e49a2d80cfcd66fda3ba8be31094fd146", size = 8799020 },
    { url = "https://files.pythonhosted.org/packages/70/a9/508c8e972f11ab38a8a7244fa90a7976d8099ddfe4b58e02f97c0d763b49/pydantic-1.7.4-cp36-cp36m-manylinux2014_x86_64.whl", hash = "sha256:115d8aa6f257a1d469c66b6bfc7aaf04cd87c25095f24542065c68ebcb42fe63", size = 9191709 },
    { url = "https://files.pythonhosted.org/packages/60/52/351338bb7992259d41647bd010b93a372ce566361ead49ca42a87e028260/pydantic-1.7.4-cp36-cp36m-win_amd64.whl", hash = "sha256:66757d4e1eab69a3cfd3114480cc1d72b6dd847c4d30e676ae838c6740fdd146", size = 1702296 },
    { url = "https://files.pythonhosted.org/packages/29/65/37c17c0c68522589f565378158d3d79bf87d9daf0d5542b125d6b742b76a/pydantic-1.7.4-cp37-cp37m-macosx_10_9_x86_64.whl", hash = "sha256:4c92863263e4bd89e4f9cf1ab70d918170c51bd96305fe7b00853d80660acb26", size = 2313715 },
    { url = "https://files.pythonhosted.org/packages/0f/bd/43e183ea75689839ec17eb319a81cb866ed90abdfd3fda4d4b075ba219ff/pydantic-1.7.4-cp37-cp37m-manylinux1_i686.whl", hash = "sha256:3b8154babf30a5e0fa3aa91f188356763749d9b30f7f211fafb247d4256d7877", size = 8726084 },
    { url = "https://files.pythonhosted.org/packages/9b/c4/1cf259a9d56876439dc06de326a8318fd953ca264dd48fc78d8653180367/pydantic-1.7.4-cp37-cp37m-manylinux2014_i686.whl", hash = "sha256:80cc46378505f7ff202879dcffe4bfbf776c15675028f6e08d1d10bdfbb168ac", size = 8726089 },
    { url = "https://files.pythonhosted.org/packages/ca/fa/d43f31874e1f2a9633e4c025be310f2ce7a8350017579e9e837a62630a7e/pydantic-1.7.4-cp37-cp37m-manylinux2014_x86_64.whl", hash = "sha256:dda60d7878a5af2d8560c55c7c47a8908344aa78d32ec1c02d742ede09c534df", size = 9115007 },
    { url = "https://files.pythonhosted.org/packages/e6/ab/48e9fba6288d5edc03d8d03834889df860eccda0d674c4b420e1599c8b36/pydantic-1.7.4-cp37-cp37m-win_amd64.whl", hash = "sha256:4c1979d5cc3e14b35f0825caddea5a243dd6085e2a7539c006bc46997ef7a61a", size = 1701438 },
    { url = "https://files.pythonhosted.org/packages/ae/fb/10603f430aeab54a215a18dedecab3bd4a184864fab559cb8da5637d45fc/pydantic-1.7.4-cp38-cp38-macosx_10_9_x86_64.whl", hash = "sha256:8857576600c32aa488f18d30833aa833b54a48e3bab3adb6de97e463af71f8f8", size = 2363123 },
    { url = "https://files.pythonhosted.org/packages/12/5e/f89d07ab1315defeb015132f23a062458d272ebea9a710d210d6b6c06154/pydantic-1.7.4-cp38-cp38-manylinux1_i686.whl", hash = "sha256:1f86d4da363badb39426a0ff494bf1d8510cd2f7274f460eee37bdbf2fd495ec", size = 11333542 },
    { url = "https://files.pythonhosted.org/packages/b2/54/3b4e2798d210ba9293e48329dfd759904bec6f57c80b65efccb10349cd7c/pydantic-1.7.4-cp38-cp38-manylinux2014_i686.whl", hash = "sha256:3ea1256a9e782149381e8200119f3e2edea7cd6b123f1c79ab4bbefe4d9ba2c9", size = 11333544 },
    { url = "https://files.pythonhosted.org/packages/2c/57/7a0e03c57c9c33701cae278297593782088ca80e60a5001958fa263c8eea/pydantic-1.7.4-cp38-cp38-manylinux2014_x86_64.whl", hash = "sha256:e28455b42a0465a7bf2cde5eab530389226ce7dc779de28d17b8377245982b1e", size = 12250711 },
    { url = "https://files.pythonhosted.org/packages/bc/bc/05fbd7570f5180d88b9b842118fdf07f90715f24842172275a4b221e2641/pydantic-1.7.4-cp38-cp38-win_amd64.whl", hash = "sha256:47c5b1d44934375a3311891cabd450c150a31cf5c22e84aa172967bf186718be", size = 1786493 },
    { url = "https://files.pythonhosted.org/packages/5e/df/2e844ef460e7f4f3a60fcdaa34bd11c52e4b7cb7edb1c5a47ae9017e420d/pydantic-1.7.4-cp39-cp39-macosx_10_9_x86_64.whl", hash = "sha256:00250e5123dd0b123ff72be0e1b69140e0b0b9e404d15be3846b77c6f1b1e387", size = 2407254 },
    { url = "https://files.pythonhosted.org/packages/07/98/dcc50c90c2777d28c90e14e54bb7e9a22011148e1e76ea379c79857b73b6/pydantic-1.7.4-cp39-cp39-manylinux1_i686.whl", hash = "sha256:d24aa3f7f791a023888976b600f2f389d3713e4f23b7a4c88217d3fce61cdffc", size = 9791665 },
    { url = "https://files.pythonhosted.org/packages/8f/83/0cf80db706ce669413332afa8b1df294474c6d7aef96c61cd356a3b5554a/pydantic-1.7.4-cp39-cp39-manylinux2014_i686.whl", hash = "sha256:2c44a9afd4c4c850885436a4209376857989aaf0853c7b118bb2e628d4b78c4e", size = 9791669 },
    { url = "https://files.pythonhosted.org/packages/06/66/ade01db733c025f5f7a05a4545edd96584f71b3d624212da3c586659f8f3/pydantic-1.7.4-cp39-cp39-manylinux2014_x86_64.whl", hash = "sha256:e87edd753da0ca1d44e308a1b1034859ffeab1f4a4492276bff9e1c3230db4fe", size = 10262207 },
    { url = "https://files.pythonhosted.org/packages/14/9c/95ba90b5888d5ec4f13ae85a93032dfc427de9eec9f36dc03dcaf720ad8b/pydantic-1.7.4-cp39-cp39-win_amd64.whl", hash = "sha256:a3026ee105b5360855e500b4abf1a1d0b034d88e75a2d0d66a4c35e60858e15b", size = 1758448 },
    { url = "https://files.pythonhosted.org/packages/ed/12/72633da8bf0428fd0a7d2915073f4bc03fcdc2ebc0f703e56af597ac45db/pydantic-1.7.4-py3-none-any.whl", hash = "sha256:a82385c6d5a77e3387e94612e3e34b77e13c39ff1295c26e3ba664e7b98073e2", size = 107885 },
]

[[package]]
name = "pytz"
version = "2024.2"
source = { registry = "https://pypi.org/simple" }
sdist = { url = "https://files.pythonhosted.org/packages/3a/31/3c70bf7603cc2dca0f19bdc53b4537a797747a58875b552c8c413d963a3f/pytz-2024.2.tar.gz", hash = "sha256:2aa355083c50a0f93fa581709deac0c9ad65cca8a9e9beac660adcbd493c798a", size = 319692 }
wheels = [
    { url = "https://files.pythonhosted.org/packages/11/c3/005fcca25ce078d2cc29fd559379817424e94885510568bc1bc53d7d5846/pytz-2024.2-py2.py3-none-any.whl", hash = "sha256:31c7c1817eb7fae7ca4b8c7ee50c72f93aa2dd863de768e1ef4245d426aa0725", size = 508002 },
]

[[package]]
name = "starlette"
version = "0.14.2"
source = { registry = "https://pypi.org/simple" }
sdist = { url = "https://files.pythonhosted.org/packages/3a/06/ded663a1ddea8b11a2027d88ff0e757f9cdb812310f18bee33ef7270112f/starlette-0.14.2.tar.gz", hash = "sha256:7d49f4a27f8742262ef1470608c59ddbc66baf37c148e938c7038e6bc7a998aa", size = 50123 }
wheels = [
    { url = "https://files.pythonhosted.org/packages/15/34/db1890f442a1cd3a2c761f4109a0eb4e63503218d70a8c8e97faa09a5500/starlette-0.14.2-py3-none-any.whl", hash = "sha256:3c8e48e52736b3161e34c9f0e8153b4f32ec5d8995a3ee1d59410d92f75162ed", size = 60648 },
]

[[package]]
name = "typing-extensions"
version = "4.1.1"
source = { registry = "https://pypi.org/simple" }
sdist = { url = "https://files.pythonhosted.org/packages/b1/5a/8b5fbb891ef3f81fc923bf3cb4a578c0abf9471eb50ce0f51c74212182ab/typing_extensions-4.1.1.tar.gz", hash = "sha256:1a9462dcc3347a79b1f1c0271fbe79e844580bb598bafa1ed208b94da3cdcd42", size = 26694 }
wheels = [
    { url = "https://files.pythonhosted.org/packages/45/6b/44f7f8f1e110027cf88956b59f2fad776cca7e1704396d043f89effd3a0e/typing_extensions-4.1.1-py3-none-any.whl", hash = "sha256:21c85e0fe4b9a155d0799430b0ad741cdce7e359660ccbd8b530613e8df88ce2", size = 26844 },
]

[[package]]
name = "uvicorn"
version = "0.13.4"
source = { registry = "https://pypi.org/simple" }
resolution-markers = [
    "python_full_version < '3.7'",
]
dependencies = [
    { name = "click", marker = "python_full_version < '3.7'" },
    { name = "h11", marker = "python_full_version < '3.7'" },
    { name = "typing-extensions", marker = "python_full_version < '3.7'" },
]
sdist = { url = "https://files.pythonhosted.org/packages/26/6c/6ace1cd024a27dd692c80fd31c8e51e6b81bde459e2cae06b5ab30fc37d2/uvicorn-0.13.4.tar.gz", hash = "sha256:3292251b3c7978e8e4a7868f4baf7f7f7bb7e40c759ecc125c37e99cdea34202", size = 32426 }
wheels = [
    { url = "https://files.pythonhosted.org/packages/c8/de/953f0289508b1b92debdf0a6822d9b88ffb0c6ad471d709cf639a2c8a176/uvicorn-0.13.4-py3-none-any.whl", hash = "sha256:7587f7b08bd1efd2b9bad809a3d333e972f1d11af8a5e52a9371ee3a5de71524", size = 46057 },
]

[[package]]
name = "uvicorn"
version = "0.16.0"
source = { registry = "https://pypi.org/simple" }
resolution-markers = [
    "python_full_version >= '3.7'",
]
dependencies = [
    { name = "asgiref", marker = "python_full_version >= '3.7'" },
    { name = "click", marker = "python_full_version >= '3.7'" },
    { name = "h11", marker = "python_full_version >= '3.7'" },
    { name = "typing-extensions", marker = "python_full_version == '3.7.*'" },
]
sdist = { url = "https://files.pythonhosted.org/packages/b8/68/bdce2f0775162b3939991765588ae755796af6ecac4f5c3d020a92873dc6/uvicorn-0.16.0.tar.gz", hash = "sha256:eacb66afa65e0648fcbce5e746b135d09722231ffffc61883d4fac2b62fbea8d", size = 39444 }
wheels = [
    { url = "https://files.pythonhosted.org/packages/a0/68/effcc7c39d79fbae86ad621ebcf28d63a3b9c111a885bc2b74c576ba8dc4/uvicorn-0.16.0-py3-none-any.whl", hash = "sha256:d8c839231f270adaa6d338d525e2652a0b4a5f4c2430b5c4ef6ae4d11776b0d2", size = 54891 },
]

[[package]]
name = "xi-server"
version = "0.1.0"
source = { virtual = "." }
dependencies = [
    { name = "fastapi" },
    { name = "jinja2" },
    { name = "pytz" },
    { name = "uvicorn", version = "0.13.4", source = { registry = "https://pypi.org/simple" }, marker = "python_full_version < '3.7'" },
    { name = "uvicorn", version = "0.16.0", source = { registry = "https://pypi.org/simple" }, marker = "python_full_version >= '3.7'" },
]

[package.metadata]
requires-dist = [
    { name = "fastapi" },
    { name = "jinja2", specifier = ">=3.0.3" },
    { name = "pytz", specifier = ">=2024.2" },
    { name = "uvicorn" },
]
